# THIS IS AN AUTOGENERATED FILE. DO NOT EDIT THIS FILE DIRECTLY.
# yarn lockfile v1


create-serve@^1.0.1:
  version "1.0.1"
  resolved "https://registry.yarnpkg.com/create-serve/-/create-serve-1.0.1.tgz#a52ec4cbd2d0f776d3e42338fa1f0dae69080c59"
  integrity sha512-cDAmBGhkwolS7ihq7SnPE8KwjYUZl5FaI9Pq5ZBwNelSKvFR9OoAA4/B5BfB/NC+eYaykBpX9RVMfuU4DHtrPw==

esbuild-serve@^1.0.1:
  version "1.0.1"
  resolved "https://registry.yarnpkg.com/esbuild-serve/-/esbuild-serve-1.0.1.tgz#c388c8ff184477ec6b6278d615da8d3177e5174f"
  integrity sha512-VvYDThNuwg+YAuZC+RqAgw9TpEVGoDdcvm2mTL0lU+TxDXr+QGZfJ+zc6m7cXeJ940qijvdTSZl3mQbRGN4/PA==
  dependencies:
    create-serve "^1.0.1"
    esbuild "^0.9.0"

esbuild@^0.11.12:
  version "0.11.12"
  resolved "https://registry.yarnpkg.com/esbuild/-/esbuild-0.11.12.tgz#8cbe15bcb44212624c3e77c896a835f74dc71c3c"
  integrity sha512-c8cso/1RwVj+fbDvLtUgSG4ZJQ0y9Zdrl6Ot/GAjyy4pdMCHaFnDMts5gqFnWRPLajWtEnI+3hlET4R9fVoZng==

esbuild@^0.9.0:
  version "0.9.7"
  resolved "https://registry.yarnpkg.com/esbuild/-/esbuild-0.9.7.tgz#ea0d639cbe4b88ec25fbed4d6ff00c8d788ef70b"
  integrity sha512-VtUf6aQ89VTmMLKrWHYG50uByMF4JQlVysb8dmg6cOgW8JnFCipmz7p+HNBl+RR3LLCuBxFGVauAe2wfnF9bLg==

typescript@^4.2.4:
  version "4.2.4"
  resolved "https://registry.yarnpkg.com/typescript/-/typescript-4.2.4.tgz#8610b59747de028fda898a8aef0e103f156d0961"
  integrity sha512-V+evlYHZnQkaz8TRBuxTA92yZBPotr5H+WhQ7bD3hZUndx5tGOa1fuCgeSjxAzM1RiN5IzvadIXTVefuuwZCRg==
